
Microsoft Visual Studio Solution File, Format Version 12.00
# Visual Studio Version 17
VisualStudioVersion = 17.0.31903.59
MinimumVisualStudioVersion = 10.0.40219.1
Project("{2150E333-8FDC-42A3-9474-1A3956D46DE8}") = "API", "API", "{D82C56D6-B2CD-F611-9E31-04638F7EC30E}"
EndProject
Project("{FAE04EC0-301F-11D3-BF4B-00C04F79EFBC}") = "TeAtiendo.API", "API\TeAtiendo.API\TeAtiendo.API.csproj", "{B5E5933F-52CF-43FE-BA19-4B4934ADBB40}"
EndProject
Project("{2150E333-8FDC-42A3-9474-1A3956D46DE8}") = "Apps", "Apps", "{1787FE1D-075E-9E68-7218-25F1BD1BBEAB}"
EndProject
Project("{FAE04EC0-301F-11D3-BF4B-00C04F79EFBC}") = "TeAtiendo.Web", "Apps\TeAtiendo.Web\TeAtiendo.Web.csproj", "{EF93947A-0C19-46A1-A38D-E7100D636964}"
EndProject
Project("{2150E333-8FDC-42A3-9474-1A3956D46DE8}") = "Domain", "Domain", "{996CEBED-A05B-5D42-3FF0-982E087A2599}"
EndProject
Project("{FAE04EC0-301F-11D3-BF4B-00C04F79EFBC}") = "TeAtiendo.Application", "Domain\TeAtiendo.Application\TeAtiendo.Application.csproj", "{82D85133-237E-4391-8A18-FA778006405E}"
EndProject
Project("{FAE04EC0-301F-11D3-BF4B-00C04F79EFBC}") = "TeAtiendo.Domain", "Domain\TeAtiendo.Domain\TeAtiendo.Domain.csproj", "{3D1AAE40-6AFA-4E16-9D48-587D567484CB}"
EndProject
Project("{2150E333-8FDC-42A3-9474-1A3956D46DE8}") = "IOC", "IOC", "{F82EFB15-BB14-9D47-D4F3-7B8032CB2006}"
EndProject
Project("{FAE04EC0-301F-11D3-BF4B-00C04F79EFBC}") = "TeAtiendo.IOC", "IOC\TeAtiendo.IOC\TeAtiendo.IOC.csproj", "{F576C54C-1934-4775-9DA6-D6248E4EB300}"
EndProject
Global
	GlobalSection(SolutionConfigurationPlatforms) = preSolution
		Debug|Any CPU = Debug|Any CPU
		Debug|x64 = Debug|x64
		Debug|x86 = Debug|x86
		Release|Any CPU = Release|Any CPU
		Release|x64 = Release|x64
		Release|x86 = Release|x86
	EndGlobalSection
	GlobalSection(ProjectConfigurationPlatforms) = postSolution
		{B5E5933F-52CF-43FE-BA19-4B4934ADBB40}.Debug|Any CPU.ActiveCfg = Debug|Any CPU
		{B5E5933F-52CF-43FE-BA19-4B4934ADBB40}.Debug|Any CPU.Build.0 = Debug|Any CPU
		{B5E5933F-52CF-43FE-BA19-4B4934ADBB40}.Debug|x64.ActiveCfg = Debug|Any CPU
		{B5E5933F-52CF-43FE-BA19-4B4934ADBB40}.Debug|x64.Build.0 = Debug|Any CPU
		{B5E5933F-52CF-43FE-BA19-4B4934ADBB40}.Debug|x86.ActiveCfg = Debug|Any CPU
		{B5E5933F-52CF-43FE-BA19-4B4934ADBB40}.Debug|x86.Build.0 = Debug|Any CPU
		{B5E5933F-52CF-43FE-BA19-4B4934ADBB40}.Release|Any CPU.ActiveCfg = Release|Any CPU
		{B5E5933F-52CF-43FE-BA19-4B4934ADBB40}.Release|Any CPU.Build.0 = Release|Any CPU
		{B5E5933F-52CF-43FE-BA19-4B4934ADBB40}.Release|x64.ActiveCfg = Release|Any CPU
		{B5E5933F-52CF-43FE-BA19-4B4934ADBB40}.Release|x64.Build.0 = Release|Any CPU
		{B5E5933F-52CF-43FE-BA19-4B4934ADBB40}.Release|x86.ActiveCfg = Release|Any CPU
		{B5E5933F-52CF-43FE-BA19-4B4934ADBB40}.Release|x86.Build.0 = Release|Any CPU
		{EF93947A-0C19-46A1-A38D-E7100D636964}.Debug|Any CPU.ActiveCfg = Debug|Any CPU
		{EF93947A-0C19-46A1-A38D-E7100D636964}.Debug|Any CPU.Build.0 = Debug|Any CPU
		{EF93947A-0C19-46A1-A38D-E7100D636964}.Debug|x64.ActiveCfg = Debug|Any CPU
		{EF93947A-0C19-46A1-A38D-E7100D636964}.Debug|x64.Build.0 = Debug|Any CPU
		{EF93947A-0C19-46A1-A38D-E7100D636964}.Debug|x86.ActiveCfg = Debug|Any CPU
		{EF93947A-0C19-46A1-A38D-E7100D636964}.Debug|x86.Build.0 = Debug|Any CPU
		{EF93947A-0C19-46A1-A38D-E7100D636964}.Release|Any CPU.ActiveCfg = Release|Any CPU
		{EF93947A-0C19-46A1-A38D-E7100D636964}.Release|Any CPU.Build.0 = Release|Any CPU
		{EF93947A-0C19-46A1-A38D-E7100D636964}.Release|x64.ActiveCfg = Release|Any CPU
		{EF93947A-0C19-46A1-A38D-E7100D636964}.Release|x64.Build.0 = Release|Any CPU
		{EF93947A-0C19-46A1-A38D-E7100D636964}.Release|x86.ActiveCfg = Release|Any CPU
		{EF93947A-0C19-46A1-A38D-E7100D636964}.Release|x86.Build.0 = Release|Any CPU
		{82D85133-237E-4391-8A18-FA778006405E}.Debug|Any CPU.ActiveCfg = Debug|Any CPU
		{82D85133-237E-4391-8A18-FA778006405E}.Debug|Any CPU.Build.0 = Debug|Any CPU
		{82D85133-237E-4391-8A18-FA778006405E}.Debug|x64.ActiveCfg = Debug|Any CPU
		{82D85133-237E-4391-8A18-FA778006405E}.Debug|x64.Build.0 = Debug|Any CPU
		{82D85133-237E-4391-8A18-FA778006405E}.Debug|x86.ActiveCfg = Debug|Any CPU
		{82D85133-237E-4391-8A18-FA778006405E}.Debug|x86.Build.0 = Debug|Any CPU
		{82D85133-237E-4391-8A18-FA778006405E}.Release|Any CPU.ActiveCfg = Release|Any CPU
		{82D85133-237E-4391-8A18-FA778006405E}.Release|Any CPU.Build.0 = Release|Any CPU
		{82D85133-237E-4391-8A18-FA778006405E}.Release|x64.ActiveCfg = Release|Any CPU
		{82D85133-237E-4391-8A18-FA778006405E}.Release|x64.Build.0 = Release|Any CPU
		{82D85133-237E-4391-8A18-FA778006405E}.Release|x86.ActiveCfg = Release|Any CPU
		{82D85133-237E-4391-8A18-FA778006405E}.Release|x86.Build.0 = Release|Any CPU
		{3D1AAE40-6AFA-4E16-9D48-587D567484CB}.Debug|Any CPU.ActiveCfg = Debug|Any CPU
		{3D1AAE40-6AFA-4E16-9D48-587D567484CB}.Debug|Any CPU.Build.0 = Debug|Any CPU
		{3D1AAE40-6AFA-4E16-9D48-587D567484CB}.Debug|x64.ActiveCfg = Debug|Any CPU
		{3D1AAE40-6AFA-4E16-9D48-587D567484CB}.Debug|x64.Build.0 = Debug|Any CPU
		{3D1AAE40-6AFA-4E16-9D48-587D567484CB}.Debug|x86.ActiveCfg = Debug|Any CPU
		{3D1AAE40-6AFA-4E16-9D48-587D567484CB}.Debug|x86.Build.0 = Debug|Any CPU
		{3D1AAE40-6AFA-4E16-9D48-587D567484CB}.Release|Any CPU.ActiveCfg = Release|Any CPU
		{3D1AAE40-6AFA-4E16-9D48-587D567484CB}.Release|Any CPU.Build.0 = Release|Any CPU
		{3D1AAE40-6AFA-4E16-9D48-587D567484CB}.Release|x64.ActiveCfg = Release|Any CPU
		{3D1AAE40-6AFA-4E16-9D48-587D567484CB}.Release|x64.Build.0 = Release|Any CPU
		{3D1AAE40-6AFA-4E16-9D48-587D567484CB}.Release|x86.ActiveCfg = Release|Any CPU
		{3D1AAE40-6AFA-4E16-9D48-587D567484CB}.Release|x86.Build.0 = Release|Any CPU
		{F576C54C-1934-4775-9DA6-D6248E4EB300}.Debug|Any CPU.ActiveCfg = Debug|Any CPU
		{F576C54C-1934-4775-9DA6-D6248E4EB300}.Debug|Any CPU.Build.0 = Debug|Any CPU
		{F576C54C-1934-4775-9DA6-D6248E4EB300}.Debug|x64.ActiveCfg = Debug|Any CPU
		{F576C54C-1934-4775-9DA6-D6248E4EB300}.Debug|x64.Build.0 = Debug|Any CPU
		{F576C54C-1934-4775-9DA6-D6248E4EB300}.Debug|x86.ActiveCfg = Debug|Any CPU
		{F576C54C-1934-4775-9DA6-D6248E4EB300}.Debug|x86.Build.0 = Debug|Any CPU
		{F576C54C-1934-4775-9DA6-D6248E4EB300}.Release|Any CPU.ActiveCfg = Release|Any CPU
		{F576C54C-1934-4775-9DA6-D6248E4EB300}.Release|Any CPU.Build.0 = Release|Any CPU
		{F576C54C-1934-4775-9DA6-D6248E4EB300}.Release|x64.ActiveCfg = Release|Any CPU
		{F576C54C-1934-4775-9DA6-D6248E4EB300}.Release|x64.Build.0 = Release|Any CPU
		{F576C54C-1934-4775-9DA6-D6248E4EB300}.Release|x86.ActiveCfg = Release|Any CPU
		{F576C54C-1934-4775-9DA6-D6248E4EB300}.Release|x86.Build.0 = Release|Any CPU
	EndGlobalSection
	GlobalSection(SolutionProperties) = preSolution
		HideSolutionNode = FALSE
	EndGlobalSection
	GlobalSection(NestedProjects) = preSolution
		{B5E5933F-52CF-43FE-BA19-4B4934ADBB40} = {D82C56D6-B2CD-F611-9E31-04638F7EC30E}
		{EF93947A-0C19-46A1-A38D-E7100D636964} = {1787FE1D-075E-9E68-7218-25F1BD1BBEAB}
		{82D85133-237E-4391-8A18-FA778006405E} = {996CEBED-A05B-5D42-3FF0-982E087A2599}
		{3D1AAE40-6AFA-4E16-9D48-587D567484CB} = {996CEBED-A05B-5D42-3FF0-982E087A2599}
		{F576C54C-1934-4775-9DA6-D6248E4EB300} = {F82EFB15-BB14-9D47-D4F3-7B8032CB2006}
	EndGlobalSection
	GlobalSection(ExtensibilityGlobals) = postSolution
		SolutionGuid = {E24BBE3A-CE6B-4110-8850-25202FA1C9B8}
	EndGlobalSection
EndGlobal
